{
  "lockfile_version": "1",
  "packages": {
    "act@latest": {
      "last_modified": "2025-09-18T16:33:27Z",
      "resolved": "github:NixOS/nixpkgs/f4b140d5b253f5e2a1ff4e5506edbf8267724bde#act",
      "source": "devbox-search",
      "version": "0.2.81",
      "systems": {
        "aarch64-darwin": {
          "outputs": [
            {
              "name": "out",
              "path": "/nix/store/f1qcsnyyni43h2hx96g1faqxbcwy4iwn-act-0.2.81",
              "default": true
            }
          ],
          "store_path": "/nix/store/f1qcsnyyni43h2hx96g1faqxbcwy4iwn-act-0.2.81"
        },
        "aarch64-linux": {
          "outputs": [
            {
              "name": "out",
              "path": "/nix/store/vb15vi4karvsg5yl3xcgqbs5w28ig748-act-0.2.81",
              "default": true
            }
          ],
          "store_path": "/nix/store/vb15vi4karvsg5yl3xcgqbs5w28ig748-act-0.2.81"
        },
        "x86_64-darwin": {
          "outputs": [
            {
              "name": "out",
              "path": "/nix/store/blas4k7n7cnv8iqfqfs3a6r11dr98717-act-0.2.81",
              "default": true
            }
          ],
          "store_path": "/nix/store/blas4k7n7cnv8iqfqfs3a6r11dr98717-act-0.2.81"
        },
        "x86_64-linux": {
          "outputs": [
            {
              "name": "out",
              "path": "/nix/store/mj23jlma742pf9hmnbwnmxxfy8q5g7hk-act-0.2.81",
              "default": true
            }
          ],
          "store_path": "/nix/store/mj23jlma742pf9hmnbwnmxxfy8q5g7hk-act-0.2.81"
        }
      }
    },
    "github:NixOS/nixpkgs/nixpkgs-unstable": {
      "last_modified": "2025-09-21T09:21:16Z",
      "resolved": "github:NixOS/nixpkgs/a1f79a1770d05af18111fbbe2a3ab2c42c0f6cd0?lastModified=1758446476&narHash=sha256-5rdAi7CTvM%2FkSs6fHe1bREIva5W3TbImsto%2BdxG4mBo%3D"
    },
    "go@1.25.0": {
      "last_modified": "2025-09-18T16:33:27Z",
      "resolved": "github:NixOS/nixpkgs/f4b140d5b253f5e2a1ff4e5506edbf8267724bde#go",
      "source": "devbox-search",
      "version": "1.25.0",
      "systems": {
        "aarch64-darwin": {
          "outputs": [
            {
              "name": "out",
              "path": "/nix/store/cr196bvbbai01r0w11p1inkzkdrqdx6y-go-1.25.0",
              "default": true
            }
          ],
          "store_path": "/nix/store/cr196bvbbai01r0w11p1inkzkdrqdx6y-go-1.25.0"
        },
        "aarch64-linux": {
          "outputs": [
            {
              "name": "out",
              "path": "/nix/store/yhcdwwikp86p2cpq0qr7di91ji63460s-go-1.25.0",
              "default": true
            }
          ],
          "store_path": "/nix/store/yhcdwwikp86p2cpq0qr7di91ji63460s-go-1.25.0"
        },
        "x86_64-darwin": {
          "outputs": [
            {
              "name": "out",
              "path": "/nix/store/hz7dfw13v8iff4vf6vbnqnlnd7wh7j5x-go-1.25.0",
              "default": true
            }
          ],
          "store_path": "/nix/store/hz7dfw13v8iff4vf6vbnqnlnd7wh7j5x-go-1.25.0"
        },
        "x86_64-linux": {
          "outputs": [
            {
              "name": "out",
              "path": "/nix/store/3fd683jfggglpshxprz9mi5sz8wd3c9p-go-1.25.0",
              "default": true
            }
          ],
          "store_path": "/nix/store/3fd683jfggglpshxprz9mi5sz8wd3c9p-go-1.25.0"
        }
      }
    },
    "sqlite@3.50.2": {
      "last_modified": "2025-09-21T09:21:16Z",
      "resolved": "github:NixOS/nixpkgs/a1f79a1770d05af18111fbbe2a3ab2c42c0f6cd0#sqlite",
      "source": "devbox-search",
      "version": "3.50.2",
      "systems": {
        "aarch64-darwin": {
          "outputs": [
            {
              "name": "bin",
              "path": "/nix/store/p0psb5n8drhajc6n4wnsrh2azd03jsqn-sqlite-3.50.2-bin",
              "default": true
            },
            {
              "name": "man",
              "path": "/nix/store/ibpff13m0z1p13c4ja4xy30y1s1cz62r-sqlite-3.50.2-man",
              "default": true
            },
            {
              "name": "dev",
              "path": "/nix/store/27nl2zmsbzgraliqqq17ni8fnmjywmwh-sqlite-3.50.2-dev"
            },
            {
              "name": "doc",
              "path": "/nix/store/5s3gy78khnksmsdhyydvb491hdbn6bpa-sqlite-3.50.2-doc"
            },
            {
              "name": "out",
              "path": "/nix/store/vrhjlpnqn999pk2j95pj9inzxk12dzxg-sqlite-3.50.2"
            }
          ],
          "store_path": "/nix/store/p0psb5n8drhajc6n4wnsrh2azd03jsqn-sqlite-3.50.2-bin"
        },
        "aarch64-linux": {
          "outputs": [
            {
              "name": "bin",
              "path": "/nix/store/yd01f2fjd6y2lpp8fl4hzfrnq06cfy2a-sqlite-3.50.2-bin",
              "default": true
            },
            {
              "name": "man",
              "path": "/nix/store/wprban33nylff5i6iqx77dfkbn4lvm9n-sqlite-3.50.2-man",
              "default": true
            },
            {
              "name": "debug",
              "path": "/nix/store/f9wgl8w9ii4xnmjwd2jd0j7s3i8i0pzs-sqlite-3.50.2-debug"
            },
            {
              "name": "dev",
              "path": "/nix/store/ji7px8qbhrhh605mvb7r4kjn1h7h7dg7-sqlite-3.50.2-dev"
            },
            {
              "name": "doc",
              "path": "/nix/store/wa1kpf071q5jzldwsr0rdzfayv8qgf9p-sqlite-3.50.2-doc"
            },
            {
              "name": "out",
              "path": "/nix/store/jfwxk186hyci41lsdqf8al9yan74fhbf-sqlite-3.50.2"
            }
          ],
          "store_path": "/nix/store/yd01f2fjd6y2lpp8fl4hzfrnq06cfy2a-sqlite-3.50.2-bin"
        },
        "x86_64-darwin": {
          "outputs": [
            {
              "name": "bin",
              "path": "/nix/store/1q2wqd0i9ilpi73vmbfiivf05dy52scd-sqlite-3.50.2-bin",
              "default": true
            },
            {
              "name": "man",
              "path": "/nix/store/609xfl1kjv0xfsyyasxbzf9z79b5q31n-sqlite-3.50.2-man",
              "default": true
            },
            {
              "name": "out",
              "path": "/nix/store/4p78h6p38kl2ll62b6yng6kayp4s9i4k-sqlite-3.50.2"
            },
            {
              "name": "dev",
              "path": "/nix/store/w3kr2anjs9sykivsyyn5r083y2k2z8x6-sqlite-3.50.2-dev"
            },
            {
              "name": "doc",
              "path": "/nix/store/3gmj7kj39n5k12k68rr1rpxibbj1jcng-sqlite-3.50.2-doc"
            }
          ],
          "store_path": "/nix/store/1q2wqd0i9ilpi73vmbfiivf05dy52scd-sqlite-3.50.2-bin"
        },
        "x86_64-linux": {
          "outputs": [
            {
              "name": "bin",
              "path": "/nix/store/gmwaym3dwkrb9987z8xg4njl2kmm2dvc-sqlite-3.50.2-bin",
              "default": true
            },
            {
              "name": "man",
              "path": "/nix/store/zz6jiqqcqd6pzv5hxnzsmkci0d29acpy-sqlite-3.50.2-man",
              "default": true
            },
            {
              "name": "dev",
              "path": "/nix/store/w3ibvzff0yrpg8abrl8n2fxn0d9fpfpc-sqlite-3.50.2-dev"
            },
            {
              "name": "doc",
              "path": "/nix/store/ikqa14lw7sky0vmjxi0h8sjngzd139pg-sqlite-3.50.2-doc"
            },
            {
              "name": "out",
              "path": "/nix/store/8bsyjdxv61ha88hjrpgl6nyfjxfqnphx-sqlite-3.50.2"
            },
            {
              "name": "debug",
              "path": "/nix/store/k3729psg2d70xv1ms96pg9xv6plmaxva-sqlite-3.50.2-debug"
            }
          ],
          "store_path": "/nix/store/gmwaym3dwkrb9987z8xg4njl2kmm2dvc-sqlite-3.50.2-bin"
        }
      }
    }
  }
}
